<?xml version="1.0" encoding="utf-8"?>
<Project ToolsVersion="4.0" xmlns="http://schemas.microsoft.com/developer/msbuild/2003">
  <ItemGroup>
    <Filter Include="src">
      <UniqueIdentifier>{8a430da8-db9c-4ff7-a256-cd62a7f82c8b}</UniqueIdentifier>
    </Filter>
    <Filter Include="src\Utils">
      <UniqueIdentifier>{31f2ace9-a3cf-4427-a457-4c1896994919}</UniqueIdentifier>
    </Filter>
    <Filter Include="src\Tutorial">
      <UniqueIdentifier>{61e8bc2a-5df6-4603-bb95-6c8879415cb9}</UniqueIdentifier>
    </Filter>
    <Filter Include="src\Question_01">
      <UniqueIdentifier>{ef1c5c77-776c-4e4f-ac91-e3c8dfe826ba}</UniqueIdentifier>
    </Filter>
    <Filter Include="src\Question_02">
      <UniqueIdentifier>{e8156f52-e50e-47ca-8edc-213f7bf72203}</UniqueIdentifier>
    </Filter>
    <Filter Include="src\Question_03">
      <UniqueIdentifier>{92daf071-f4da-4dc6-8948-76ae6f0afbf2}</UniqueIdentifier>
    </Filter>
  </ItemGroup>
  <ItemGroup>
    <ClCompile Include="src\main.cpp">
      <Filter>src</Filter>
    </ClCompile>
    <ClCompile Include="src\ImageProcessingTest.cpp">
      <Filter>src</Filter>
    </ClCompile>
    <ClCompile Include="src\Tutorial\Tutorial.cpp">
      <Filter>src\Tutorial</Filter>
    </ClCompile>
    <ClCompile Include="src\Question_01\Question_01.cpp">
      <Filter>src\Question_01</Filter>
    </ClCompile>
    <ClCompile Include="src\Utils\TimerBase.cpp">
      <Filter>src\Utils</Filter>
    </ClCompile>
    <ClCompile Include="src\Utils\TimerCpu.cpp">
      <Filter>src\Utils</Filter>
    </ClCompile>
    <ClCompile Include="src\Utils\TimerGpu.cpp">
      <Filter>src\Utils</Filter>
    </ClCompile>
    <ClCompile Include="src\Utils\CudaResourceManager.cpp">
      <Filter>src\Utils</Filter>
    </ClCompile>
    <ClCompile Include="src\Question_02\Question_02.cpp">
      <Filter>src\Question_02</Filter>
    </ClCompile>
    <ClCompile Include="src\Question_03\Question_03.cpp">
      <Filter>src\Question_03</Filter>
    </ClCompile>
  </ItemGroup>
  <ItemGroup>
    <CudaCompile Include="src\Question_01\bgr2rgb.cu">
      <Filter>src\Question_01</Filter>
    </CudaCompile>
    <CudaCompile Include="src\Question_02\bgr2gray.cu">
      <Filter>src\Question_02</Filter>
    </CudaCompile>
    <CudaCompile Include="src\Question_03\binarization.cu">
      <Filter>src\Question_03</Filter>
    </CudaCompile>
  </ItemGroup>
  <ItemGroup>
    <ClInclude Include="src\Question_01\bgr2rgb.cuh">
      <Filter>src\Question_01</Filter>
    </ClInclude>
    <ClInclude Include="src\Utils\TimerBase.hpp">
      <Filter>src\Utils</Filter>
    </ClInclude>
    <ClInclude Include="src\Utils\TimerCpu.hpp">
      <Filter>src\Utils</Filter>
    </ClInclude>
    <ClInclude Include="src\Utils\TimerGpu.hpp">
      <Filter>src\Utils</Filter>
    </ClInclude>
    <ClInclude Include="src\ImageProcessingTest.hpp">
      <Filter>src</Filter>
    </ClInclude>
    <ClInclude Include="src\Utils\CudaResourceManager.hpp">
      <Filter>src\Utils</Filter>
    </ClInclude>
    <ClInclude Include="src\Question_02\bgr2gray.cuh">
      <Filter>src\Question_02</Filter>
    </ClInclude>
    <ClInclude Include="src\Question_03\binarization.cuh">
      <Filter>src\Question_03</Filter>
    </ClInclude>
  </ItemGroup>
  <ItemGroup>
    <None Include="src\Tutorial\README.md">
      <Filter>src\Tutorial</Filter>
    </None>
    <None Include="src\Question_01\README.md">
      <Filter>src\Question_01</Filter>
    </None>
    <None Include="src\Question_02\README.md">
      <Filter>src\Question_02</Filter>
    </None>
    <None Include="src\Question_03\README.md" />
  </ItemGroup>
</Project>