<?xml version="1.0" encoding="utf-8"?>
<Project ToolsVersion="4.0" xmlns="http://schemas.microsoft.com/developer/msbuild/2003">
  <ItemGroup>
    <Filter Include="src">
      <UniqueIdentifier>{8a430da8-db9c-4ff7-a256-cd62a7f82c8b}</UniqueIdentifier>
    </Filter>
    <Filter Include="src\Utils">
      <UniqueIdentifier>{31f2ace9-a3cf-4427-a457-4c1896994919}</UniqueIdentifier>
    </Filter>
    <Filter Include="src\Tutorial">
      <UniqueIdentifier>{61e8bc2a-5df6-4603-bb95-6c8879415cb9}</UniqueIdentifier>
    </Filter>
    <Filter Include="src\Question_01">
      <UniqueIdentifier>{ef1c5c77-776c-4e4f-ac91-e3c8dfe826ba}</UniqueIdentifier>
    </Filter>
  </ItemGroup>
  <ItemGroup>
    <ClCompile Include="src\main.cpp">
      <Filter>src</Filter>
    </ClCompile>
    <ClCompile Include="src\ImageProcessingTest.cpp">
      <Filter>src</Filter>
    </ClCompile>
    <ClCompile Include="src\Tutorial\Tutorial.cpp">
      <Filter>src\Tutorial</Filter>
    </ClCompile>
    <ClCompile Include="src\Utils\TimerCpu.cpp">
      <Filter>src\Utils</Filter>
    </ClCompile>
    <ClCompile Include="src\Utils\TimerBase.cpp">
      <Filter>src\Utils</Filter>
    </ClCompile>
    <ClCompile Include="src\Question_01\Question_01.cpp">
      <Filter>src\Question_01</Filter>
    </ClCompile>
    <ClCompile Include="src\Question_01\channel_swap_cpu.cpp">
      <Filter>src\Question_01</Filter>
    </ClCompile>
  </ItemGroup>
  <ItemGroup>
    <CudaCompile Include="src\kernel.cu">
      <Filter>src</Filter>
    </CudaCompile>
    <CudaCompile Include="src\Utils\TimerGpu.cu">
      <Filter>src\Utils</Filter>
    </CudaCompile>
    <CudaCompile Include="src\Question_01\channel_swap_gpu.cu">
      <Filter>src\Question_01</Filter>
    </CudaCompile>
    <CudaCompile Include="src\Utils\UtilsCuda.cu">
      <Filter>src\Utils</Filter>
    </CudaCompile>
  </ItemGroup>
  <ItemGroup>
    <ClInclude Include="src\ImageProcessingTest.h">
      <Filter>src</Filter>
    </ClInclude>
    <ClInclude Include="src\Utils\TimerCpu.h">
      <Filter>src\Utils</Filter>
    </ClInclude>
    <ClInclude Include="src\Utils\TimerBase.h">
      <Filter>src\Utils</Filter>
    </ClInclude>
    <ClInclude Include="src\Question_01\channel_swap_cpu.hpp">
      <Filter>src\Question_01</Filter>
    </ClInclude>
    <ClInclude Include="src\Question_01\channel_swap_gpu.cuh">
      <Filter>src\Question_01</Filter>
    </ClInclude>
    <ClInclude Include="src\Utils\UtilsCuda.cuh">
      <Filter>src\Utils</Filter>
    </ClInclude>
    <ClInclude Include="src\Utils\TimerGpu.cuh">
      <Filter>src\Utils</Filter>
    </ClInclude>
  </ItemGroup>
  <ItemGroup>
    <None Include="src\Question_01\Question.md">
      <Filter>src\Question_01</Filter>
    </None>
    <None Include="src\Tutorial\Question.md">
      <Filter>src\Tutorial</Filter>
    </None>
  </ItemGroup>
</Project>